{
  "projects": [
    {
      "projectId": "k1wEZwoLfboMCnna6ewiai",
      "version": "latest",
      "dependencies": {},
      "lang": "ts",
      "fileLocks": [
        {
          "type": "globalVariant",
          "assetId": "L3TqkH01l2qyB",
          "checksum": "695b7c16aa1046749f2ce983ed858739"
        },
        {
          "assetId": "k1wEZwoLfboMCnna6ewiai",
          "type": "projectCss",
          "checksum": "02b25baed8d7d490dc73f5f505b4bae1"
        },
        {
          "type": "renderModule",
          "assetId": "ACGBV6trnSgDw",
          "checksum": "1630ced445c501ab71dbb21fa10b36fc"
        },
        {
          "type": "cssRules",
          "assetId": "ACGBV6trnSgDw",
          "checksum": "1630ced445c501ab71dbb21fa10b36fc"
        },
        {
          "type": "renderModule",
          "assetId": "RjZrFHfvUFYzX",
          "checksum": "148c7c23948ff020b5c20563826a2a1e"
        },
        {
          "type": "cssRules",
          "assetId": "RjZrFHfvUFYzX",
          "checksum": "148c7c23948ff020b5c20563826a2a1e"
        },
        {
          "type": "icon",
          "assetId": "HQvaP-opUVBM1Y",
          "checksum": "3e6b9f7f942898f110906b06a85713c6"
        },
        {
          "type": "icon",
          "assetId": "-kkrhuqIlXhO2P",
          "checksum": "3553e0d47acd9584c885e479e5b12624"
        },
        {
          "type": "icon",
          "assetId": "ldz7Cbpt9p8zi7",
          "checksum": "1d995572a0502f349bacceecbaec10b3"
        },
        {
          "type": "icon",
          "assetId": "FuhWKINiX80RKl",
          "checksum": "e9c7a2af23708dfffe3776e02bda090f"
        },
        {
          "type": "icon",
          "assetId": "Ai6C0tv7PNAVCi",
          "checksum": "4e341f90635a7d8f52581af2fdd22cb8"
        },
        {
          "type": "icon",
          "assetId": "xrsE3zz5Ut22wL",
          "checksum": "040a5e62eda9cff1cd660d00913eb06f"
        },
        {
          "type": "icon",
          "assetId": "uaCo5CgKaJ3hZY",
          "checksum": "2e7c09f130fb72d733c60ef0366746bf"
        },
        {
          "type": "icon",
          "assetId": "lgnwXX_EUNHqy3",
          "checksum": "773990ad42a5c4bb80695577fdddcedc"
        },
        {
          "type": "icon",
          "assetId": "7x44stUbvYSvSW",
          "checksum": "8033aa05f924e1ef36e6f6b62640285b"
        },
        {
          "type": "icon",
          "assetId": "Jtw6wyFxWO2OYV",
          "checksum": "c1c04361779ec1dfbaad13677da8db40"
        },
        {
          "type": "icon",
          "assetId": "z8_aCgfD2t9WjC",
          "checksum": "d2e40c83b49a7e90f232fa1e21a97fab"
        },
        {
          "type": "image",
          "assetId": "hCBM6QxbUNoylC",
          "checksum": "482164556297b597b5cd22fc3c6d4baa"
        },
        {
          "type": "image",
          "assetId": "LFxjXP09LQZTIh",
          "checksum": "7e6d8501ac29579a1f595203d5648c2a"
        },
        {
          "type": "image",
          "assetId": "l5-wUXKbMvVQne",
          "checksum": "e997c056927607cc65dd2b7e51f6f7f0"
        },
        {
          "type": "image",
          "assetId": "_LqoSvtl7aQnp5",
          "checksum": "2648e3ec87a0c4bef1782cb626f83488"
        },
        {
          "type": "image",
          "assetId": "RxcyBguKkm-EqY",
          "checksum": "416f2ba9daf9bb1dbe12bcac1ed369a4"
        },
        {
          "type": "image",
          "assetId": "61AxkLXnyVnHJR",
          "checksum": "542b105daacd16712ab7f7833f6e6b2c"
        },
        {
          "type": "image",
          "assetId": "_QjZ5yN1Q2ezwN",
          "checksum": "e23b20e6045bf8e9840fdb4514639350"
        },
        {
          "type": "image",
          "assetId": "MZsR9xR1I4uZjq",
          "checksum": "48a76187ecf43975458b0c3071c5342b"
        },
        {
          "type": "image",
          "assetId": "ZrEPKveP4l9WMs",
          "checksum": "f0f616c42885975197d5a1068069e1ca"
        },
        {
          "type": "image",
          "assetId": "KBtIQuZE9",
          "checksum": "88606175e70708788f9b68eeea263510"
        }
      ],
      "codegenVersion": "0.0.1"
    },
    {
      "projectId": "seaQhLVS4bbjiGvJJrRwyL",
      "version": "15.0.3",
      "dependencies": {},
      "lang": "ts",
      "fileLocks": [
        {
          "assetId": "seaQhLVS4bbjiGvJJrRwyL",
          "type": "projectCss",
          "checksum": "96d0c5256c70ddefc2366d3580ce9213"
        }
      ],
      "codegenVersion": "0.0.1"
    },
    {
      "projectId": "et1Q3p9YoYL4VHMgEvUFG6",
      "version": "latest",
      "dependencies": {
        "seaQhLVS4bbjiGvJJrRwyL": "15.0.3"
      },
      "lang": "ts",
      "fileLocks": [
        {
          "type": "globalVariant",
          "assetId": "SQdmMJXiIfvFBj",
          "checksum": "1ee3d48346f28fddd1d09bf2ab064cd2"
        },
        {
          "assetId": "et1Q3p9YoYL4VHMgEvUFG6",
          "type": "projectCss",
          "checksum": "5e68ce078810964b03c45cbf1f2ba3e2"
        },
        {
          "type": "renderModule",
          "assetId": "u9vMXURSFsso6",
          "checksum": "951512892612f7009ad731287c3c8da5"
        },
        {
          "type": "cssRules",
          "assetId": "u9vMXURSFsso6",
          "checksum": "951512892612f7009ad731287c3c8da5"
        },
        {
          "type": "renderModule",
          "assetId": "OYZfA0xziPnVp",
          "checksum": "21fd31246a0ba6d0e8ab6f3b4f060987"
        },
        {
          "type": "cssRules",
          "assetId": "OYZfA0xziPnVp",
          "checksum": "21fd31246a0ba6d0e8ab6f3b4f060987"
        },
        {
          "type": "renderModule",
          "assetId": "SePC301kxqRu6",
          "checksum": "8cb97c746d063c8337a768c708a6c002"
        },
        {
          "type": "cssRules",
          "assetId": "SePC301kxqRu6",
          "checksum": "8cb97c746d063c8337a768c708a6c002"
        },
        {
          "type": "renderModule",
          "assetId": "utXBrgRpVG9Kj",
          "checksum": "ab6f149818e2968d1c3af9ba98f4b3df"
        },
        {
          "type": "cssRules",
          "assetId": "utXBrgRpVG9Kj",
          "checksum": "ab6f149818e2968d1c3af9ba98f4b3df"
        },
        {
          "type": "renderModule",
          "assetId": "_9GT5cZdU4uBM",
          "checksum": "f5c68f11bb68aff203f3beea0559d2f1"
        },
        {
          "type": "cssRules",
          "assetId": "_9GT5cZdU4uBM",
          "checksum": "f5c68f11bb68aff203f3beea0559d2f1"
        },
        {
          "type": "renderModule",
          "assetId": "aa4RyGHnFjuWz",
          "checksum": "72ee27f36c9317918fd10108fa3b3c16"
        },
        {
          "type": "cssRules",
          "assetId": "aa4RyGHnFjuWz",
          "checksum": "72ee27f36c9317918fd10108fa3b3c16"
        },
        {
          "type": "renderModule",
          "assetId": "GDvipcJoB5RgS4",
          "checksum": "a05f384bd5494edff2cee2c11f5d9d9e"
        },
        {
          "type": "cssRules",
          "assetId": "GDvipcJoB5RgS4",
          "checksum": "a05f384bd5494edff2cee2c11f5d9d9e"
        },
        {
          "type": "renderModule",
          "assetId": "djY35HDWnU14cI",
          "checksum": "d7bf89ccd10c5688979f4eb0d577db79"
        },
        {
          "type": "cssRules",
          "assetId": "djY35HDWnU14cI",
          "checksum": "d7bf89ccd10c5688979f4eb0d577db79"
        },
        {
          "type": "renderModule",
          "assetId": "WHGGBUsRTT1WNM",
          "checksum": "f58bc8bdd1cf13db2746738f9bef7dcb"
        },
        {
          "type": "cssRules",
          "assetId": "WHGGBUsRTT1WNM",
          "checksum": "f58bc8bdd1cf13db2746738f9bef7dcb"
        },
        {
          "type": "renderModule",
          "assetId": "mRKU7T_HEffn4M",
          "checksum": "39a69d5895b3b6f8499dc56ca22cb260"
        },
        {
          "type": "cssRules",
          "assetId": "mRKU7T_HEffn4M",
          "checksum": "39a69d5895b3b6f8499dc56ca22cb260"
        },
        {
          "type": "renderModule",
          "assetId": "nu-ncLkn14L1Uq",
          "checksum": "daec64db1dd3f884cb6f8411e0a7c6c0"
        },
        {
          "type": "cssRules",
          "assetId": "nu-ncLkn14L1Uq",
          "checksum": "daec64db1dd3f884cb6f8411e0a7c6c0"
        },
        {
          "type": "renderModule",
          "assetId": "ABFeGK4MrE0qCg",
          "checksum": "6f8f5a48f77b7b0feebe5f582dfd74a1"
        },
        {
          "type": "cssRules",
          "assetId": "ABFeGK4MrE0qCg",
          "checksum": "6f8f5a48f77b7b0feebe5f582dfd74a1"
        },
        {
          "type": "renderModule",
          "assetId": "TcAi2e7F1Tb9j7",
          "checksum": "c795c04055d938f9d1a842dac73612a7"
        },
        {
          "type": "cssRules",
          "assetId": "TcAi2e7F1Tb9j7",
          "checksum": "c795c04055d938f9d1a842dac73612a7"
        },
        {
          "type": "renderModule",
          "assetId": "oN0xBk4uZZAlLY",
          "checksum": "9b41f694059a323b8f82d21103bf27d4"
        },
        {
          "type": "cssRules",
          "assetId": "oN0xBk4uZZAlLY",
          "checksum": "9b41f694059a323b8f82d21103bf27d4"
        },
        {
          "type": "renderModule",
          "assetId": "kURIWLfYy-_cl_",
          "checksum": "7f7f67e967a9929c2adfd39b835d5313"
        },
        {
          "type": "cssRules",
          "assetId": "kURIWLfYy-_cl_",
          "checksum": "7f7f67e967a9929c2adfd39b835d5313"
        },
        {
          "type": "renderModule",
          "assetId": "fklv7DjIjKMaUf",
          "checksum": "d935673ea87d02a08df70740c36e0e25"
        },
        {
          "type": "cssRules",
          "assetId": "fklv7DjIjKMaUf",
          "checksum": "d935673ea87d02a08df70740c36e0e25"
        },
        {
          "type": "renderModule",
          "assetId": "wUo6xir-vQ_n-h",
          "checksum": "75c659e7e076af56d38f3f01d5527e00"
        },
        {
          "type": "cssRules",
          "assetId": "wUo6xir-vQ_n-h",
          "checksum": "75c659e7e076af56d38f3f01d5527e00"
        },
        {
          "type": "icon",
          "assetId": "QYO0gXf36Om4-Q",
          "checksum": "a37fb269bbb1789db5228b9d22a95dd0"
        },
        {
          "type": "icon",
          "assetId": "ZNcNIpff9JsccN",
          "checksum": "aa9e789d64df7853530b6c7869fcd357"
        },
        {
          "type": "icon",
          "assetId": "ER-YSGxu2a9W1l",
          "checksum": "4f9da229306c73ca02b1bd100e3b8b3b"
        },
        {
          "type": "icon",
          "assetId": "un45WI5tmr7U57",
          "checksum": "7efa33b88ea279103193c971369e3daa"
        },
        {
          "type": "icon",
          "assetId": "mT5tz5DEgNkAG8",
          "checksum": "1d7d6d659e99891a61551ef5ae9b521f"
        },
        {
          "type": "icon",
          "assetId": "90nBlbdry2twmv",
          "checksum": "957e1ca5f0437ac6343e2c32686d11a3"
        },
        {
          "type": "icon",
          "assetId": "1wjX9ZylsSHKEl",
          "checksum": "0e1050dae5328d5aad8290c4c52262f9"
        },
        {
          "type": "icon",
          "assetId": "lmDHA56SRzw5jc",
          "checksum": "2f144a2041fe55860086911d73ca9ca7"
        },
        {
          "type": "icon",
          "assetId": "Y8t2UNQoY3qxNu",
          "checksum": "33230fdfbdb0a66b4ed4abb5588efa3d"
        },
        {
          "type": "icon",
          "assetId": "dpyQdZqpRQcm1V",
          "checksum": "cb0c82aaa086736ec69133a6a00aac48"
        },
        {
          "type": "icon",
          "assetId": "_uGm5ygpNMu78b",
          "checksum": "873cc2c0d56939d50fa817a5e1200340"
        },
        {
          "type": "icon",
          "assetId": "BWfQdR5MitND8s",
          "checksum": "779d8f4c4786641c69137a8bd1c87a2c"
        },
        {
          "type": "icon",
          "assetId": "fmb89HGFioh6St",
          "checksum": "7cc26cca5f83dfc4108a382812ff990c"
        },
        {
          "type": "icon",
          "assetId": "PFfE4TQucFQdtM",
          "checksum": "bbd32a69f4c631d6a9d451298607cd4b"
        },
        {
          "type": "icon",
          "assetId": "AZ2LzMQsg7a17k",
          "checksum": "a30ed800c92175b6741f9c2f47b01e2f"
        },
        {
          "type": "icon",
          "assetId": "8FtJA1C2wLzimm",
          "checksum": "8c95e631379781ece7fbff7bb663c856"
        },
        {
          "type": "icon",
          "assetId": "i4YnPS9pLzEwxo",
          "checksum": "3924f4d5b6fdd21b4dec422828d50ffc"
        },
        {
          "type": "icon",
          "assetId": "vvBslSPdqkYCl2",
          "checksum": "3977814ab15d7f89406d8fdc99d5e5f8"
        },
        {
          "type": "icon",
          "assetId": "Z000xWtcFJZCFd",
          "checksum": "9b5f84f9ae0680649a04a19f50df38ca"
        },
        {
          "type": "icon",
          "assetId": "7X6te-gIa97u67",
          "checksum": "2b6295a89e1b824e2f7a75e89504fc78"
        },
        {
          "type": "icon",
          "assetId": "VK-zeD9nuGF9ai",
          "checksum": "7b7a8de1c9419cc80b57c64e1cdbaf68"
        },
        {
          "type": "icon",
          "assetId": "5t43z_KiVtxcL_",
          "checksum": "cbb1fd8451b716e01da2a1c141461e50"
        },
        {
          "type": "image",
          "assetId": "UXnNXo_Zf6qSwL",
          "checksum": "abbb76d876eb66f9495bddc75bc97c41"
        },
        {
          "type": "image",
          "assetId": "tMI_EsbFazexM-",
          "checksum": "2fa01a0968e88533d567615dcf8742da"
        },
        {
          "type": "image",
          "assetId": "LbzIt8vHMn9AmU",
          "checksum": "d8ded0e4c47cb218f563924a5d785c82"
        },
        {
          "type": "image",
          "assetId": "xibv_bGTt-fvjB",
          "checksum": "db0a566f746850adb8e70712f4b0de3f"
        },
        {
          "type": "image",
          "assetId": "FwWFZjtwD",
          "checksum": "851b3d9c57dbde6846642a58f0ed4fb7"
        },
        {
          "type": "image",
          "assetId": "2wXyLyYrJ",
          "checksum": "562dada9d4cb8fa113af919ba91ef7da"
        }
      ],
      "codegenVersion": "0.0.1"
    }
  ],
  "cliVersion": "0.1.177"
}
